
Microsoft Visual Studio Solution File, Format Version 12.00
# Visual Studio Version 16
VisualStudioVersion = 16.0.30011.22
MinimumVisualStudioVersion = 10.0.40219.1
Project("{2150E333-8FDC-42A3-9474-1A3956D46DE8}") = "1Client", "1Client", "{EF42F50F-7A87-414B-B75D-FAA7A610182C}"
EndProject
Project("{2150E333-8FDC-42A3-9474-1A3956D46DE8}") = "2BLL", "2BLL", "{F0A8ED96-BC6D-44E9-AA6A-24182AE9B2BB}"
EndProject
Project("{2150E333-8FDC-42A3-9474-1A3956D46DE8}") = "3DAL", "3DAL", "{68CD5CF5-82E1-47CE-B04A-99D9CCF9D262}"
EndProject
Project("{2150E333-8FDC-42A3-9474-1A3956D46DE8}") = "4Common", "4Common", "{B26096BB-078E-468F-90CB-EEE83C4B0C94}"
EndProject
Project("{2150E333-8FDC-42A3-9474-1A3956D46DE8}") = "5OtherService", "5OtherService", "{3999771C-2064-4701-BB06-A5B0587FFCB5}"
EndProject
Project("{9A19103F-16F7-4668-BE54-9A1E7A4F7556}") = "Zhaoxi.IocDI.BLL", "Zhaoxi.IocDI.BLL\Zhaoxi.IocDI.BLL.csproj", "{F265BCB2-7AEB-45C0-ADE2-A140F46FA1E9}"
EndProject
Project("{9A19103F-16F7-4668-BE54-9A1E7A4F7556}") = "Zhaoxi.IocDI.IBLL", "Zhaoxi.IocDI.IBLL\Zhaoxi.IocDI.IBLL.csproj", "{87D4F99E-6AB9-4684-ABC2-E1BE3BC54BD4}"
EndProject
Project("{9A19103F-16F7-4668-BE54-9A1E7A4F7556}") = "Zhaoxi.IocDI.IDAL", "Zhaoxi.IocDI.IDAL\Zhaoxi.IocDI.IDAL.csproj", "{C2C1AA56-3019-4302-AE80-D8D35D4EFF5F}"
EndProject
Project("{9A19103F-16F7-4668-BE54-9A1E7A4F7556}") = "Zhaoxi.IocDI.DAL", "Zhaoxi.IocDI.DAL\Zhaoxi.IocDI.DAL.csproj", "{30A7C30E-9668-4039-A00A-F8D7AB57BA1A}"
EndProject
Project("{9A19103F-16F7-4668-BE54-9A1E7A4F7556}") = "Zhaoxi.IocDI.Framework", "Zhaoxi.IocDI.Framework\Zhaoxi.IocDI.Framework.csproj", "{E5455C83-00D2-4E67-BA08-05E000AAE413}"
EndProject
Project("{9A19103F-16F7-4668-BE54-9A1E7A4F7556}") = "Zhaoxi.IocDI.Model", "Zhaoxi.IocDI.Model\Zhaoxi.IocDI.Model.csproj", "{C85DFA92-D692-4259-BDA5-BF24CF05C79F}"
EndProject
Project("{9A19103F-16F7-4668-BE54-9A1E7A4F7556}") = "Zhaoxi.IocDI.Interface", "Zhaoxi.IocDI.Interface\Zhaoxi.IocDI.Interface.csproj", "{D1E3B17A-C46E-4211-98D7-3BE248E11CF8}"
EndProject
Project("{9A19103F-16F7-4668-BE54-9A1E7A4F7556}") = "Zhaoxi.IocDI.Service", "Zhaoxi.IocDI.Service\Zhaoxi.IocDI.Service.csproj", "{4325B045-83BF-4DB9-A7D3-BB9A5DA942A7}"
EndProject
Project("{9A19103F-16F7-4668-BE54-9A1E7A4F7556}") = "Zhaoxi.IocDI.AspnetCoreProject", "Zhaoxi.IocDI.AspnetCoreProject\Zhaoxi.IocDI.AspnetCoreProject.csproj", "{43D7B089-79BA-4C17-811F-1EBC150FC2E6}"
EndProject
Project("{FAE04EC0-301F-11D3-BF4B-00C04F79EFBC}") = "Zhaoxi.IocDI.ConsoleProject", "Zhaoxi.IocDI.ConsoleProject\Zhaoxi.IocDI.ConsoleProject.csproj", "{AE393BBB-1236-41C6-B4FA-53C2AF9252E2}"
EndProject
Global
	GlobalSection(SolutionConfigurationPlatforms) = preSolution
		Debug|Any CPU = Debug|Any CPU
		Release|Any CPU = Release|Any CPU
	EndGlobalSection
	GlobalSection(ProjectConfigurationPlatforms) = postSolution
		{F265BCB2-7AEB-45C0-ADE2-A140F46FA1E9}.Debug|Any CPU.ActiveCfg = Debug|Any CPU
		{F265BCB2-7AEB-45C0-ADE2-A140F46FA1E9}.Debug|Any CPU.Build.0 = Debug|Any CPU
		{F265BCB2-7AEB-45C0-ADE2-A140F46FA1E9}.Release|Any CPU.ActiveCfg = Release|Any CPU
		{F265BCB2-7AEB-45C0-ADE2-A140F46FA1E9}.Release|Any CPU.Build.0 = Release|Any CPU
		{87D4F99E-6AB9-4684-ABC2-E1BE3BC54BD4}.Debug|Any CPU.ActiveCfg = Debug|Any CPU
		{87D4F99E-6AB9-4684-ABC2-E1BE3BC54BD4}.Debug|Any CPU.Build.0 = Debug|Any CPU
		{87D4F99E-6AB9-4684-ABC2-E1BE3BC54BD4}.Release|Any CPU.ActiveCfg = Release|Any CPU
		{87D4F99E-6AB9-4684-ABC2-E1BE3BC54BD4}.Release|Any CPU.Build.0 = Release|Any CPU
		{C2C1AA56-3019-4302-AE80-D8D35D4EFF5F}.Debug|Any CPU.ActiveCfg = Debug|Any CPU
		{C2C1AA56-3019-4302-AE80-D8D35D4EFF5F}.Debug|Any CPU.Build.0 = Debug|Any CPU
		{C2C1AA56-3019-4302-AE80-D8D35D4EFF5F}.Release|Any CPU.ActiveCfg = Release|Any CPU
		{C2C1AA56-3019-4302-AE80-D8D35D4EFF5F}.Release|Any CPU.Build.0 = Release|Any CPU
		{30A7C30E-9668-4039-A00A-F8D7AB57BA1A}.Debug|Any CPU.ActiveCfg = Debug|Any CPU
		{30A7C30E-9668-4039-A00A-F8D7AB57BA1A}.Debug|Any CPU.Build.0 = Debug|Any CPU
		{30A7C30E-9668-4039-A00A-F8D7AB57BA1A}.Release|Any CPU.ActiveCfg = Release|Any CPU
		{30A7C30E-9668-4039-A00A-F8D7AB57BA1A}.Release|Any CPU.Build.0 = Release|Any CPU
		{E5455C83-00D2-4E67-BA08-05E000AAE413}.Debug|Any CPU.ActiveCfg = Debug|Any CPU
		{E5455C83-00D2-4E67-BA08-05E000AAE413}.Debug|Any CPU.Build.0 = Debug|Any CPU
		{E5455C83-00D2-4E67-BA08-05E000AAE413}.Release|Any CPU.ActiveCfg = Release|Any CPU
		{E5455C83-00D2-4E67-BA08-05E000AAE413}.Release|Any CPU.Build.0 = Release|Any CPU
		{C85DFA92-D692-4259-BDA5-BF24CF05C79F}.Debug|Any CPU.ActiveCfg = Debug|Any CPU
		{C85DFA92-D692-4259-BDA5-BF24CF05C79F}.Debug|Any CPU.Build.0 = Debug|Any CPU
		{C85DFA92-D692-4259-BDA5-BF24CF05C79F}.Release|Any CPU.ActiveCfg = Release|Any CPU
		{C85DFA92-D692-4259-BDA5-BF24CF05C79F}.Release|Any CPU.Build.0 = Release|Any CPU
		{D1E3B17A-C46E-4211-98D7-3BE248E11CF8}.Debug|Any CPU.ActiveCfg = Debug|Any CPU
		{D1E3B17A-C46E-4211-98D7-3BE248E11CF8}.Debug|Any CPU.Build.0 = Debug|Any CPU
		{D1E3B17A-C46E-4211-98D7-3BE248E11CF8}.Release|Any CPU.ActiveCfg = Release|Any CPU
		{D1E3B17A-C46E-4211-98D7-3BE248E11CF8}.Release|Any CPU.Build.0 = Release|Any CPU
		{4325B045-83BF-4DB9-A7D3-BB9A5DA942A7}.Debug|Any CPU.ActiveCfg = Debug|Any CPU
		{4325B045-83BF-4DB9-A7D3-BB9A5DA942A7}.Debug|Any CPU.Build.0 = Debug|Any CPU
		{4325B045-83BF-4DB9-A7D3-BB9A5DA942A7}.Release|Any CPU.ActiveCfg = Release|Any CPU
		{4325B045-83BF-4DB9-A7D3-BB9A5DA942A7}.Release|Any CPU.Build.0 = Release|Any CPU
		{43D7B089-79BA-4C17-811F-1EBC150FC2E6}.Debug|Any CPU.ActiveCfg = Debug|Any CPU
		{43D7B089-79BA-4C17-811F-1EBC150FC2E6}.Debug|Any CPU.Build.0 = Debug|Any CPU
		{43D7B089-79BA-4C17-811F-1EBC150FC2E6}.Release|Any CPU.ActiveCfg = Release|Any CPU
		{43D7B089-79BA-4C17-811F-1EBC150FC2E6}.Release|Any CPU.Build.0 = Release|Any CPU
		{AE393BBB-1236-41C6-B4FA-53C2AF9252E2}.Debug|Any CPU.ActiveCfg = Debug|Any CPU
		{AE393BBB-1236-41C6-B4FA-53C2AF9252E2}.Debug|Any CPU.Build.0 = Debug|Any CPU
		{AE393BBB-1236-41C6-B4FA-53C2AF9252E2}.Release|Any CPU.ActiveCfg = Release|Any CPU
		{AE393BBB-1236-41C6-B4FA-53C2AF9252E2}.Release|Any CPU.Build.0 = Release|Any CPU
	EndGlobalSection
	GlobalSection(SolutionProperties) = preSolution
		HideSolutionNode = FALSE
	EndGlobalSection
	GlobalSection(NestedProjects) = preSolution
		{F265BCB2-7AEB-45C0-ADE2-A140F46FA1E9} = {F0A8ED96-BC6D-44E9-AA6A-24182AE9B2BB}
		{87D4F99E-6AB9-4684-ABC2-E1BE3BC54BD4} = {F0A8ED96-BC6D-44E9-AA6A-24182AE9B2BB}
		{C2C1AA56-3019-4302-AE80-D8D35D4EFF5F} = {68CD5CF5-82E1-47CE-B04A-99D9CCF9D262}
		{30A7C30E-9668-4039-A00A-F8D7AB57BA1A} = {68CD5CF5-82E1-47CE-B04A-99D9CCF9D262}
		{E5455C83-00D2-4E67-BA08-05E000AAE413} = {B26096BB-078E-468F-90CB-EEE83C4B0C94}
		{C85DFA92-D692-4259-BDA5-BF24CF05C79F} = {B26096BB-078E-468F-90CB-EEE83C4B0C94}
		{D1E3B17A-C46E-4211-98D7-3BE248E11CF8} = {3999771C-2064-4701-BB06-A5B0587FFCB5}
		{4325B045-83BF-4DB9-A7D3-BB9A5DA942A7} = {3999771C-2064-4701-BB06-A5B0587FFCB5}
		{43D7B089-79BA-4C17-811F-1EBC150FC2E6} = {EF42F50F-7A87-414B-B75D-FAA7A610182C}
		{AE393BBB-1236-41C6-B4FA-53C2AF9252E2} = {EF42F50F-7A87-414B-B75D-FAA7A610182C}
	EndGlobalSection
	GlobalSection(ExtensibilityGlobals) = postSolution
		SolutionGuid = {33581A15-355E-45C7-A261-9A9E7B48CF40}
	EndGlobalSection
EndGlobal
